
Microsoft Visual Studio Solution File, Format Version 12.00
Project("{FAE04EC0-301F-11D3-BF4B-00C04F79EFBC}") = "Paker", "Paker\Paker.csproj", "{664D0716-8AEC-489A-9CD8-F034287921FB}"
EndProject
Project("{FAE04EC0-301F-11D3-BF4B-00C04F79EFBC}") = "PakLib", "PakLib\PakLib.csproj", "{60FE92DD-730C-4FBB-8CEC-C799F91519DF}"
EndProject
Global
	GlobalSection(SolutionConfigurationPlatforms) = preSolution
		Debug|Any CPU = Debug|Any CPU
		Release|Any CPU = Release|Any CPU
	EndGlobalSection
	GlobalSection(ProjectConfigurationPlatforms) = postSolution
		{664D0716-8AEC-489A-9CD8-F034287921FB}.Debug|Any CPU.ActiveCfg = Debug|Any CPU
		{664D0716-8AEC-489A-9CD8-F034287921FB}.Debug|Any CPU.Build.0 = Debug|Any CPU
		{664D0716-8AEC-489A-9CD8-F034287921FB}.Release|Any CPU.ActiveCfg = Release|Any CPU
		{664D0716-8AEC-489A-9CD8-F034287921FB}.Release|Any CPU.Build.0 = Release|Any CPU
		{60FE92DD-730C-4FBB-8CEC-C799F91519DF}.Debug|Any CPU.ActiveCfg = Debug|Any CPU
		{60FE92DD-730C-4FBB-8CEC-C799F91519DF}.Debug|Any CPU.Build.0 = Debug|Any CPU
		{60FE92DD-730C-4FBB-8CEC-C799F91519DF}.Release|Any CPU.ActiveCfg = Release|Any CPU
		{60FE92DD-730C-4FBB-8CEC-C799F91519DF}.Release|Any CPU.Build.0 = Release|Any CPU
	EndGlobalSection
EndGlobal
